
Microsoft Visual Studio Solution File, Format Version 12.00
# Visual Studio 15
Project("{FAE04EC0-301F-11D3-BF4B-00C04F79EFBC}") = "VuforiaScripts", "VuforiaScripts.csproj", "{A9DEE714-871C-F66C-69C9-5089C55C6DC8}"
EndProject
Project("{FAE04EC0-301F-11D3-BF4B-00C04F79EFBC}") = "Assembly-CSharp", "Assembly-CSharp.csproj", "{09C88BCE-FD77-466A-3D9F-C80BD9765516}"
EndProject
Project("{FAE04EC0-301F-11D3-BF4B-00C04F79EFBC}") = "VuforiaPackageTests", "VuforiaPackageTests.csproj", "{BCBCAEDB-E3D9-802D-B4FD-8AFD4FA1031D}"
EndProject
Project("{FAE04EC0-301F-11D3-BF4B-00C04F79EFBC}") = "VuforiaEditorScripts", "VuforiaEditorScripts.csproj", "{B4D8139D-3765-594D-DAD1-A99E05007B2F}"
EndProject
Global
	GlobalSection(SolutionConfigurationPlatforms) = preSolution
		Debug|Any CPU = Debug|Any CPU
		Release|Any CPU = Release|Any CPU
	EndGlobalSection
	GlobalSection(ProjectConfigurationPlatforms) = postSolution
		{A9DEE714-871C-F66C-69C9-5089C55C6DC8}.Debug|Any CPU.ActiveCfg = Debug|Any CPU
		{A9DEE714-871C-F66C-69C9-5089C55C6DC8}.Debug|Any CPU.Build.0 = Debug|Any CPU
		{A9DEE714-871C-F66C-69C9-5089C55C6DC8}.Release|Any CPU.ActiveCfg = Release|Any CPU
		{A9DEE714-871C-F66C-69C9-5089C55C6DC8}.Release|Any CPU.Build.0 = Release|Any CPU
		{09C88BCE-FD77-466A-3D9F-C80BD9765516}.Debug|Any CPU.ActiveCfg = Debug|Any CPU
		{09C88BCE-FD77-466A-3D9F-C80BD9765516}.Debug|Any CPU.Build.0 = Debug|Any CPU
		{09C88BCE-FD77-466A-3D9F-C80BD9765516}.Release|Any CPU.ActiveCfg = Release|Any CPU
		{09C88BCE-FD77-466A-3D9F-C80BD9765516}.Release|Any CPU.Build.0 = Release|Any CPU
		{BCBCAEDB-E3D9-802D-B4FD-8AFD4FA1031D}.Debug|Any CPU.ActiveCfg = Debug|Any CPU
		{BCBCAEDB-E3D9-802D-B4FD-8AFD4FA1031D}.Debug|Any CPU.Build.0 = Debug|Any CPU
		{BCBCAEDB-E3D9-802D-B4FD-8AFD4FA1031D}.Release|Any CPU.ActiveCfg = Release|Any CPU
		{BCBCAEDB-E3D9-802D-B4FD-8AFD4FA1031D}.Release|Any CPU.Build.0 = Release|Any CPU
		{B4D8139D-3765-594D-DAD1-A99E05007B2F}.Debug|Any CPU.ActiveCfg = Debug|Any CPU
		{B4D8139D-3765-594D-DAD1-A99E05007B2F}.Debug|Any CPU.Build.0 = Debug|Any CPU
		{B4D8139D-3765-594D-DAD1-A99E05007B2F}.Release|Any CPU.ActiveCfg = Release|Any CPU
		{B4D8139D-3765-594D-DAD1-A99E05007B2F}.Release|Any CPU.Build.0 = Release|Any CPU
	EndGlobalSection
	GlobalSection(SolutionProperties) = preSolution
		HideSolutionNode = FALSE
	EndGlobalSection
EndGlobal
